
Microsoft Visual Studio Solution File, Format Version 12.00
# Visual Studio Version 16
VisualStudioVersion = 25.0.1704.2
MinimumVisualStudioVersion = 10.0.40219.1
Project("{FAE04EC0-301F-11D3-BF4B-00C04F79EFBC}") = "test000", "test000\test000.csproj", "{DE1A7D61-F4B6-4344-9282-3E7587872340}"
EndProject
Global
	GlobalSection(SolutionConfigurationPlatforms) = preSolution
		Debug|Any CPU = Debug|Any CPU
		Release|Any CPU = Release|Any CPU
	EndGlobalSection
	GlobalSection(ProjectConfigurationPlatforms) = postSolution
		{DE1A7D61-F4B6-4344-9282-3E7587872340}.Debug|Any CPU.ActiveCfg = Debug|Any CPU
		{DE1A7D61-F4B6-4344-9282-3E7587872340}.Debug|Any CPU.Build.0 = Debug|Any CPU
		{DE1A7D61-F4B6-4344-9282-3E7587872340}.Release|Any CPU.ActiveCfg = Release|Any CPU
		{DE1A7D61-F4B6-4344-9282-3E7587872340}.Release|Any CPU.Build.0 = Release|Any CPU
	EndGlobalSection
	GlobalSection(SolutionProperties) = preSolution
		HideSolutionNode = FALSE
	EndGlobalSection
	GlobalSection(ExtensibilityGlobals) = postSolution
		SolutionGuid = {E4126C5A-9672-44A5-B3E4-1EEA823CD940}
	EndGlobalSection
EndGlobal
